
Microsoft Visual Studio Solution File, Format Version 12.00
# Visual Studio 15
VisualStudioVersion = 15.0.28307.168
MinimumVisualStudioVersion = 10.0.40219.1
Project("{2150E333-8FDC-42A3-9474-1A3956D46DE8}") = "UI", "UI", "{2A6657F4-E4EA-44AA-9A2B-E4175A7D557E}"
EndProject
Project("{FAE04EC0-301F-11D3-BF4B-00C04F79EFBC}") = "Controller", "Server\Controller.csproj", "{24F08A6B-1DCD-4612-A18C-34EEE8BC7600}"
EndProject
Project("{FAE04EC0-301F-11D3-BF4B-00C04F79EFBC}") = "Common", "Common\Common.csproj", "{2790E42F-5B81-4C81-884C-C1044677F64B}"
EndProject
Project("{FAE04EC0-301F-11D3-BF4B-00C04F79EFBC}") = "DesktopApplicaton", "UI\DesktopApplication\DesktopApplicaton.csproj", "{EC218292-FA3F-4238-9E95-3B20EB37EC89}"
EndProject
Global
	GlobalSection(SolutionConfigurationPlatforms) = preSolution
		Debug|Any CPU = Debug|Any CPU
		Debug|iPhone = Debug|iPhone
		Debug|iPhoneSimulator = Debug|iPhoneSimulator
		Debug|x64 = Debug|x64
		Debug|x86 = Debug|x86
		Release|Any CPU = Release|Any CPU
		Release|iPhone = Release|iPhone
		Release|iPhoneSimulator = Release|iPhoneSimulator
		Release|x64 = Release|x64
		Release|x86 = Release|x86
	EndGlobalSection
	GlobalSection(ProjectConfigurationPlatforms) = postSolution
		{24F08A6B-1DCD-4612-A18C-34EEE8BC7600}.Debug|Any CPU.ActiveCfg = Debug|Any CPU
		{24F08A6B-1DCD-4612-A18C-34EEE8BC7600}.Debug|Any CPU.Build.0 = Debug|Any CPU
		{24F08A6B-1DCD-4612-A18C-34EEE8BC7600}.Debug|iPhone.ActiveCfg = Debug|Any CPU
		{24F08A6B-1DCD-4612-A18C-34EEE8BC7600}.Debug|iPhone.Build.0 = Debug|Any CPU
		{24F08A6B-1DCD-4612-A18C-34EEE8BC7600}.Debug|iPhoneSimulator.ActiveCfg = Debug|Any CPU
		{24F08A6B-1DCD-4612-A18C-34EEE8BC7600}.Debug|iPhoneSimulator.Build.0 = Debug|Any CPU
		{24F08A6B-1DCD-4612-A18C-34EEE8BC7600}.Debug|x64.ActiveCfg = Debug|Any CPU
		{24F08A6B-1DCD-4612-A18C-34EEE8BC7600}.Debug|x64.Build.0 = Debug|Any CPU
		{24F08A6B-1DCD-4612-A18C-34EEE8BC7600}.Debug|x86.ActiveCfg = Debug|Any CPU
		{24F08A6B-1DCD-4612-A18C-34EEE8BC7600}.Debug|x86.Build.0 = Debug|Any CPU
		{24F08A6B-1DCD-4612-A18C-34EEE8BC7600}.Release|Any CPU.ActiveCfg = Release|Any CPU
		{24F08A6B-1DCD-4612-A18C-34EEE8BC7600}.Release|Any CPU.Build.0 = Release|Any CPU
		{24F08A6B-1DCD-4612-A18C-34EEE8BC7600}.Release|iPhone.ActiveCfg = Release|Any CPU
		{24F08A6B-1DCD-4612-A18C-34EEE8BC7600}.Release|iPhone.Build.0 = Release|Any CPU
		{24F08A6B-1DCD-4612-A18C-34EEE8BC7600}.Release|iPhoneSimulator.ActiveCfg = Release|Any CPU
		{24F08A6B-1DCD-4612-A18C-34EEE8BC7600}.Release|iPhoneSimulator.Build.0 = Release|Any CPU
		{24F08A6B-1DCD-4612-A18C-34EEE8BC7600}.Release|x64.ActiveCfg = Release|Any CPU
		{24F08A6B-1DCD-4612-A18C-34EEE8BC7600}.Release|x64.Build.0 = Release|Any CPU
		{24F08A6B-1DCD-4612-A18C-34EEE8BC7600}.Release|x86.ActiveCfg = Release|Any CPU
		{24F08A6B-1DCD-4612-A18C-34EEE8BC7600}.Release|x86.Build.0 = Release|Any CPU
		{2790E42F-5B81-4C81-884C-C1044677F64B}.Debug|Any CPU.ActiveCfg = Debug|Any CPU
		{2790E42F-5B81-4C81-884C-C1044677F64B}.Debug|Any CPU.Build.0 = Debug|Any CPU
		{2790E42F-5B81-4C81-884C-C1044677F64B}.Debug|iPhone.ActiveCfg = Debug|Any CPU
		{2790E42F-5B81-4C81-884C-C1044677F64B}.Debug|iPhone.Build.0 = Debug|Any CPU
		{2790E42F-5B81-4C81-884C-C1044677F64B}.Debug|iPhoneSimulator.ActiveCfg = Debug|Any CPU
		{2790E42F-5B81-4C81-884C-C1044677F64B}.Debug|iPhoneSimulator.Build.0 = Debug|Any CPU
		{2790E42F-5B81-4C81-884C-C1044677F64B}.Debug|x64.ActiveCfg = Debug|Any CPU
		{2790E42F-5B81-4C81-884C-C1044677F64B}.Debug|x64.Build.0 = Debug|Any CPU
		{2790E42F-5B81-4C81-884C-C1044677F64B}.Debug|x86.ActiveCfg = Debug|Any CPU
		{2790E42F-5B81-4C81-884C-C1044677F64B}.Debug|x86.Build.0 = Debug|Any CPU
		{2790E42F-5B81-4C81-884C-C1044677F64B}.Release|Any CPU.ActiveCfg = Release|Any CPU
		{2790E42F-5B81-4C81-884C-C1044677F64B}.Release|Any CPU.Build.0 = Release|Any CPU
		{2790E42F-5B81-4C81-884C-C1044677F64B}.Release|iPhone.ActiveCfg = Release|Any CPU
		{2790E42F-5B81-4C81-884C-C1044677F64B}.Release|iPhone.Build.0 = Release|Any CPU
		{2790E42F-5B81-4C81-884C-C1044677F64B}.Release|iPhoneSimulator.ActiveCfg = Release|Any CPU
		{2790E42F-5B81-4C81-884C-C1044677F64B}.Release|iPhoneSimulator.Build.0 = Release|Any CPU
		{2790E42F-5B81-4C81-884C-C1044677F64B}.Release|x64.ActiveCfg = Release|Any CPU
		{2790E42F-5B81-4C81-884C-C1044677F64B}.Release|x64.Build.0 = Release|Any CPU
		{2790E42F-5B81-4C81-884C-C1044677F64B}.Release|x86.ActiveCfg = Release|Any CPU
		{2790E42F-5B81-4C81-884C-C1044677F64B}.Release|x86.Build.0 = Release|Any CPU
		{EC218292-FA3F-4238-9E95-3B20EB37EC89}.Debug|Any CPU.ActiveCfg = Debug|Any CPU
		{EC218292-FA3F-4238-9E95-3B20EB37EC89}.Debug|Any CPU.Build.0 = Debug|Any CPU
		{EC218292-FA3F-4238-9E95-3B20EB37EC89}.Debug|iPhone.ActiveCfg = Debug|Any CPU
		{EC218292-FA3F-4238-9E95-3B20EB37EC89}.Debug|iPhone.Build.0 = Debug|Any CPU
		{EC218292-FA3F-4238-9E95-3B20EB37EC89}.Debug|iPhoneSimulator.ActiveCfg = Debug|Any CPU
		{EC218292-FA3F-4238-9E95-3B20EB37EC89}.Debug|iPhoneSimulator.Build.0 = Debug|Any CPU
		{EC218292-FA3F-4238-9E95-3B20EB37EC89}.Debug|x64.ActiveCfg = Debug|Any CPU
		{EC218292-FA3F-4238-9E95-3B20EB37EC89}.Debug|x86.ActiveCfg = Debug|Any CPU
		{EC218292-FA3F-4238-9E95-3B20EB37EC89}.Release|Any CPU.ActiveCfg = Release|Any CPU
		{EC218292-FA3F-4238-9E95-3B20EB37EC89}.Release|Any CPU.Build.0 = Release|Any CPU
		{EC218292-FA3F-4238-9E95-3B20EB37EC89}.Release|iPhone.ActiveCfg = Release|Any CPU
		{EC218292-FA3F-4238-9E95-3B20EB37EC89}.Release|iPhone.Build.0 = Release|Any CPU
		{EC218292-FA3F-4238-9E95-3B20EB37EC89}.Release|iPhoneSimulator.ActiveCfg = Release|Any CPU
		{EC218292-FA3F-4238-9E95-3B20EB37EC89}.Release|iPhoneSimulator.Build.0 = Release|Any CPU
		{EC218292-FA3F-4238-9E95-3B20EB37EC89}.Release|x64.ActiveCfg = Release|Any CPU
		{EC218292-FA3F-4238-9E95-3B20EB37EC89}.Release|x86.ActiveCfg = Release|Any CPU
	EndGlobalSection
	GlobalSection(SolutionProperties) = preSolution
		HideSolutionNode = FALSE
	EndGlobalSection
	GlobalSection(NestedProjects) = preSolution
		{EC218292-FA3F-4238-9E95-3B20EB37EC89} = {2A6657F4-E4EA-44AA-9A2B-E4175A7D557E}
	EndGlobalSection
	GlobalSection(ExtensibilityGlobals) = postSolution
		SolutionGuid = {84177ADF-FA2E-4E82-97FB-12A68D28DB43}
	EndGlobalSection
EndGlobal
